// !$*UTF8*$!
{
	archiveVersion = 1;
	classes = {
	};
	objectVersion = 77;
	objects = {

/* Begin PBXBuildFile section */
		060B30AD5A926B50D394A424 /* BoatConnectionView.swift in Sources */ = {isa = PBXBuildFile; fileRef = CA3483FC4E4D5AEA8307ADBC /* BoatConnectionView.swift */; };
		10CF1DFC9BFC0989FD5B4703 /* DesignSystem.swift in Sources */ = {isa = PBXBuildFile; fileRef = DF34139F66B61F901B93ED63 /* DesignSystem.swift */; };
		205E093C7AAE14C9A3C83299 /* PrivacyInfo.xcprivacy in Resources */ = {isa = PBXBuildFile; fileRef = 042CA3F64C1F41433C3FD248 /* PrivacyInfo.xcprivacy */; };
		4895B6D177C6F907BABD0E04 /* ScenarioView.swift in Sources */ = {isa = PBXBuildFile; fileRef = 3848EE58F61E7F185DD04D82 /* ScenarioView.swift */; };
		53B1E3E91AA5A334F12E5187 /* NMEAConnection.swift in Sources */ = {isa = PBXBuildFile; fileRef = 8E20F1D11C009B004A77B8EA /* NMEAConnection.swift */; };
		60E6AEB69E27FDF28EB6673E /* Assets.xcassets in Resources */ = {isa = PBXBuildFile; fileRef = 01DAFDA1DC9F2F512E277124 /* Assets.xcassets */; };
		6A52C2626FB4EB89FC25EB98 /* RaceCore in Frameworks */ = {isa = PBXBuildFile; productRef = 0F2292C8F81E5F3A7142706C /* RaceCore */; };
		7F61D8EFDFB03FCE2BF69C02 /* RootView.swift in Sources */ = {isa = PBXBuildFile; fileRef = 6B74E1272501AF07D9066714 /* RootView.swift */; };
		8104FB6366D1774022C6CF81 /* RaceStore.swift in Sources */ = {isa = PBXBuildFile; fileRef = E4F810D32D2BC3B3EAEB2869 /* RaceStore.swift */; };
		87A139360615EB51051C5AC0 /* SailingView.swift in Sources */ = {isa = PBXBuildFile; fileRef = BF39981454632F6692215E9C /* SailingView.swift */; };
		8A8C4B0F4A4EF21DE12A694F /* LogbookView.swift in Sources */ = {isa = PBXBuildFile; fileRef = 32A3DDEFC18493918CEDA250 /* LogbookView.swift */; };
		927DC4C71C2CD4A6CECA2192 /* PruvaUITests.swift in Sources */ = {isa = PBXBuildFile; fileRef = 589D5F96E99B848222633617 /* PruvaUITests.swift */; };
		AC163AEF771F3F92B450601D /* PruvaApp.swift in Sources */ = {isa = PBXBuildFile; fileRef = A4BE178F1BD7B560193E3F86 /* PruvaApp.swift */; };
		DB0E7152732BE74E6C0EFCD9 /* TacticalMapView.swift in Sources */ = {isa = PBXBuildFile; fileRef = 79245FF1BE52AF8FBD6C29F8 /* TacticalMapView.swift */; };
/* End PBXBuildFile section */

/* Begin PBXContainerItemProxy section */
		1237603D7C9B505F34A9A283 /* PBXContainerItemProxy */ = {
			isa = PBXContainerItemProxy;
			containerPortal = 3C6538E55284B59E0C25CAB0 /* Project object */;
			proxyType = 1;
			remoteGlobalIDString = 686A49393495C08FC7065662;
			remoteInfo = Pruva;
		};
		66341EDF0A047861B0134FD7 /* PBXContainerItemProxy */ = {
			isa = PBXContainerItemProxy;
			containerPortal = 3C6538E55284B59E0C25CAB0 /* Project object */;
			proxyType = 1;
			remoteGlobalIDString = 686A49393495C08FC7065662;
			remoteInfo = Pruva;
		};
/* End PBXContainerItemProxy section */

/* Begin PBXFileReference section */
		01DAFDA1DC9F2F512E277124 /* Assets.xcassets */ = {isa = PBXFileReference; lastKnownFileType = folder.assetcatalog; path = Assets.xcassets; sourceTree = "<group>"; };
		042CA3F64C1F41433C3FD248 /* PrivacyInfo.xcprivacy */ = {isa = PBXFileReference; path = PrivacyInfo.xcprivacy; sourceTree = "<group>"; };
		32A3DDEFC18493918CEDA250 /* LogbookView.swift */ = {isa = PBXFileReference; lastKnownFileType = sourcecode.swift; path = LogbookView.swift; sourceTree = "<group>"; };
		3848EE58F61E7F185DD04D82 /* ScenarioView.swift */ = {isa = PBXFileReference; lastKnownFileType = sourcecode.swift; path = ScenarioView.swift; sourceTree = "<group>"; };
		589D5F96E99B848222633617 /* PruvaUITests.swift */ = {isa = PBXFileReference; lastKnownFileType = sourcecode.swift; path = PruvaUITests.swift; sourceTree = "<group>"; };
		6B74E1272501AF07D9066714 /* RootView.swift */ = {isa = PBXFileReference; lastKnownFileType = sourcecode.swift; path = RootView.swift; sourceTree = "<group>"; };
		6EFAD6ECC34ED9CF83017530 /* PruvaUITests.xctest */ = {isa = PBXFileReference; includeInIndex = 0; lastKnownFileType = wrapper.cfbundle; path = PruvaUITests.xctest; sourceTree = BUILT_PRODUCTS_DIR; };
		79245FF1BE52AF8FBD6C29F8 /* TacticalMapView.swift */ = {isa = PBXFileReference; lastKnownFileType = sourcecode.swift; path = TacticalMapView.swift; sourceTree = "<group>"; };
		7F17568A9649C3C3E915600A /* Pruva.app */ = {isa = PBXFileReference; includeInIndex = 0; lastKnownFileType = wrapper.application; path = Pruva.app; sourceTree = BUILT_PRODUCTS_DIR; };
		8E20F1D11C009B004A77B8EA /* NMEAConnection.swift */ = {isa = PBXFileReference; lastKnownFileType = sourcecode.swift; path = NMEAConnection.swift; sourceTree = "<group>"; };
		A4BE178F1BD7B560193E3F86 /* PruvaApp.swift */ = {isa = PBXFileReference; lastKnownFileType = sourcecode.swift; path = PruvaApp.swift; sourceTree = "<group>"; };
		BF39981454632F6692215E9C /* SailingView.swift */ = {isa = PBXFileReference; lastKnownFileType = sourcecode.swift; path = SailingView.swift; sourceTree = "<group>"; };
		CA3483FC4E4D5AEA8307ADBC /* BoatConnectionView.swift */ = {isa = PBXFileReference; lastKnownFileType = sourcecode.swift; path = BoatConnectionView.swift; sourceTree = "<group>"; };
		DF34139F66B61F901B93ED63 /* DesignSystem.swift */ = {isa = PBXFileReference; lastKnownFileType = sourcecode.swift; path = DesignSystem.swift; sourceTree = "<group>"; };
		E4F810D32D2BC3B3EAEB2869 /* RaceStore.swift */ = {isa = PBXFileReference; lastKnownFileType = sourcecode.swift; path = RaceStore.swift; sourceTree = "<group>"; };
		EDE5F6348321C2C77552F2BA /* Navigatör Yardımcısı */ = {isa = PBXFileReference; lastKnownFileType = folder; name = "Navigatör Yardımcısı"; path = .; sourceTree = SOURCE_ROOT; };
		FD47E83F130DC16E800669B8 /* PruvaTests.xctest */ = {isa = PBXFileReference; includeInIndex = 0; lastKnownFileType = wrapper.cfbundle; path = PruvaTests.xctest; sourceTree = BUILT_PRODUCTS_DIR; };
/* End PBXFileReference section */

/* Begin PBXFrameworksBuildPhase section */
		1AE1FA4D007FC7CCB72836E6 /* Frameworks */ = {
			isa = PBXFrameworksBuildPhase;
			buildActionMask = 2147483647;
			files = (
				6A52C2626FB4EB89FC25EB98 /* RaceCore in Frameworks */,
			);
			runOnlyForDeploymentPostprocessing = 0;
		};
/* End PBXFrameworksBuildPhase section */

/* Begin PBXGroup section */
		0EBC87B9863977C086B1430D /* Packages */ = {
			isa = PBXGroup;
			children = (
				EDE5F6348321C2C77552F2BA /* Navigatör Yardımcısı */,
			);
			name = Packages;
			sourceTree = "<group>";
		};
		1184D44D942843DD6833C01A /* Pruva */ = {
			isa = PBXGroup;
			children = (
				448F6825BF38E2C559598020 /* App */,
				20098B0D842ECB3FA0FA6C3D /* Resources */,
				60AF10DD12B53D17DBAA395D /* Services */,
				7FC5EED0EC2CCFAC889BE3EB /* Views */,
			);
			path = Pruva;
			sourceTree = "<group>";
		};
		1FFDCFDC0BD68B40BE3EAB1B /* PruvaUITests */ = {
			isa = PBXGroup;
			children = (
				589D5F96E99B848222633617 /* PruvaUITests.swift */,
			);
			path = PruvaUITests;
			sourceTree = "<group>";
		};
		20098B0D842ECB3FA0FA6C3D /* Resources */ = {
			isa = PBXGroup;
			children = (
				01DAFDA1DC9F2F512E277124 /* Assets.xcassets */,
				042CA3F64C1F41433C3FD248 /* PrivacyInfo.xcprivacy */,
			);
			path = Resources;
			sourceTree = "<group>";
		};
		448F6825BF38E2C559598020 /* App */ = {
			isa = PBXGroup;
			children = (
				A4BE178F1BD7B560193E3F86 /* PruvaApp.swift */,
				E4F810D32D2BC3B3EAEB2869 /* RaceStore.swift */,
			);
			path = App;
			sourceTree = "<group>";
		};
		4B84F1AFCFF853EE366EC917 /* Products */ = {
			isa = PBXGroup;
			children = (
				7F17568A9649C3C3E915600A /* Pruva.app */,
				FD47E83F130DC16E800669B8 /* PruvaTests.xctest */,
				6EFAD6ECC34ED9CF83017530 /* PruvaUITests.xctest */,
			);
			name = Products;
			sourceTree = "<group>";
		};
		60AF10DD12B53D17DBAA395D /* Services */ = {
			isa = PBXGroup;
			children = (
				8E20F1D11C009B004A77B8EA /* NMEAConnection.swift */,
			);
			path = Services;
			sourceTree = "<group>";
		};
		7FC5EED0EC2CCFAC889BE3EB /* Views */ = {
			isa = PBXGroup;
			children = (
				CA3483FC4E4D5AEA8307ADBC /* BoatConnectionView.swift */,
				DF34139F66B61F901B93ED63 /* DesignSystem.swift */,
				32A3DDEFC18493918CEDA250 /* LogbookView.swift */,
				6B74E1272501AF07D9066714 /* RootView.swift */,
				BF39981454632F6692215E9C /* SailingView.swift */,
				3848EE58F61E7F185DD04D82 /* ScenarioView.swift */,
				79245FF1BE52AF8FBD6C29F8 /* TacticalMapView.swift */,
			);
			path = Views;
			sourceTree = "<group>";
		};
		9DA59CAADA44ABD2EEBDC63B /* PruvaTests */ = {
			isa = PBXGroup;
			children = (
			);
			path = PruvaTests;
			sourceTree = "<group>";
		};
		F7D1B10F91F4173F70CAA3ED = {
			isa = PBXGroup;
			children = (
				0EBC87B9863977C086B1430D /* Packages */,
				1184D44D942843DD6833C01A /* Pruva */,
				9DA59CAADA44ABD2EEBDC63B /* PruvaTests */,
				1FFDCFDC0BD68B40BE3EAB1B /* PruvaUITests */,
				4B84F1AFCFF853EE366EC917 /* Products */,
			);
			sourceTree = "<group>";
		};
/* End PBXGroup section */

/* Begin PBXNativeTarget section */
		686A49393495C08FC7065662 /* Pruva */ = {
			isa = PBXNativeTarget;
			buildConfigurationList = 80713819753FB1D504545771 /* Build configuration list for PBXNativeTarget "Pruva" */;
			buildPhases = (
				09E51FF9D27A1FB8E084E37A /* Sources */,
				240753E2238AFBD7674CC34D /* Resources */,
				1AE1FA4D007FC7CCB72836E6 /* Frameworks */,
			);
			buildRules = (
			);
			dependencies = (
			);
			name = Pruva;
			packageProductDependencies = (
				0F2292C8F81E5F3A7142706C /* RaceCore */,
			);
			productName = Pruva;
			productReference = 7F17568A9649C3C3E915600A /* Pruva.app */;
			productType = "com.apple.product-type.application";
		};
		A5AF47DCCF2507828A31304D /* PruvaTests */ = {
			isa = PBXNativeTarget;
			buildConfigurationList = 4DD7318569B7D62A73F2A6B9 /* Build configuration list for PBXNativeTarget "PruvaTests" */;
			buildPhases = (
				5E937BADE6950E5C6A70789E /* Sources */,
			);
			buildRules = (
			);
			dependencies = (
				139F5CF0BC1000AB673138A5 /* PBXTargetDependency */,
			);
			name = PruvaTests;
			packageProductDependencies = (
			);
			productName = PruvaTests;
			productReference = FD47E83F130DC16E800669B8 /* PruvaTests.xctest */;
			productType = "com.apple.product-type.bundle.unit-test";
		};
		E3BDC34B497D180B7717238E /* PruvaUITests */ = {
			isa = PBXNativeTarget;
			buildConfigurationList = DE4413F7B468509B706CDED0 /* Build configuration list for PBXNativeTarget "PruvaUITests" */;
			buildPhases = (
				8712386B51A4A45670CC6FDD /* Sources */,
			);
			buildRules = (
			);
			dependencies = (
				D70045264349A6E8A38E6E34 /* PBXTargetDependency */,
			);
			name = PruvaUITests;
			packageProductDependencies = (
			);
			productName = PruvaUITests;
			productReference = 6EFAD6ECC34ED9CF83017530 /* PruvaUITests.xctest */;
			productType = "com.apple.product-type.bundle.ui-testing";
		};
/* End PBXNativeTarget section */

/* Begin PBXProject section */
		3C6538E55284B59E0C25CAB0 /* Project object */ = {
			isa = PBXProject;
			attributes = {
				BuildIndependentTargetsInParallel = YES;
				LastUpgradeCheck = 1430;
				TargetAttributes = {
					E3BDC34B497D180B7717238E = {
						TestTargetID = 686A49393495C08FC7065662;
					};
				};
			};
			buildConfigurationList = 05C795F76BAF469F5393A7DA /* Build configuration list for PBXProject "Pruva" */;
			developmentRegion = en;
			hasScannedForEncodings = 0;
			knownRegions = (
				Base,
				en,
			);
			mainGroup = F7D1B10F91F4173F70CAA3ED;
			minimizedProjectReferenceProxies = 1;
			packageReferences = (
				A95A7D5CA89CF6F56AEE132A /* XCLocalSwiftPackageReference "." */,
			);
			preferredProjectObjectVersion = 77;
			productRefGroup = 4B84F1AFCFF853EE366EC917 /* Products */;
			projectDirPath = "";
			projectRoot = "";
			targets = (
				686A49393495C08FC7065662 /* Pruva */,
				A5AF47DCCF2507828A31304D /* PruvaTests */,
				E3BDC34B497D180B7717238E /* PruvaUITests */,
			);
		};
/* End PBXProject section */

/* Begin PBXResourcesBuildPhase section */
		240753E2238AFBD7674CC34D /* Resources */ = {
			isa = PBXResourcesBuildPhase;
			buildActionMask = 2147483647;
			files = (
				60E6AEB69E27FDF28EB6673E /* Assets.xcassets in Resources */,
				205E093C7AAE14C9A3C83299 /* PrivacyInfo.xcprivacy in Resources */,
			);
			runOnlyForDeploymentPostprocessing = 0;
		};
/* End PBXResourcesBuildPhase section */

/* Begin PBXSourcesBuildPhase section */
		09E51FF9D27A1FB8E084E37A /* Sources */ = {
			isa = PBXSourcesBuildPhase;
			buildActionMask = 2147483647;
			files = (
				060B30AD5A926B50D394A424 /* BoatConnectionView.swift in Sources */,
				10CF1DFC9BFC0989FD5B4703 /* DesignSystem.swift in Sources */,
				8A8C4B0F4A4EF21DE12A694F /* LogbookView.swift in Sources */,
				53B1E3E91AA5A334F12E5187 /* NMEAConnection.swift in Sources */,
				AC163AEF771F3F92B450601D /* PruvaApp.swift in Sources */,
				8104FB6366D1774022C6CF81 /* RaceStore.swift in Sources */,
				7F61D8EFDFB03FCE2BF69C02 /* RootView.swift in Sources */,
				87A139360615EB51051C5AC0 /* SailingView.swift in Sources */,
				4895B6D177C6F907BABD0E04 /* ScenarioView.swift in Sources */,
				DB0E7152732BE74E6C0EFCD9 /* TacticalMapView.swift in Sources */,
			);
			runOnlyForDeploymentPostprocessing = 0;
		};
		5E937BADE6950E5C6A70789E /* Sources */ = {
			isa = PBXSourcesBuildPhase;
			buildActionMask = 2147483647;
			files = (
			);
			runOnlyForDeploymentPostprocessing = 0;
		};
		8712386B51A4A45670CC6FDD /* Sources */ = {
			isa = PBXSourcesBuildPhase;
			buildActionMask = 2147483647;
			files = (
				927DC4C71C2CD4A6CECA2192 /* PruvaUITests.swift in Sources */,
			);
			runOnlyForDeploymentPostprocessing = 0;
		};
/* End PBXSourcesBuildPhase section */

/* Begin PBXTargetDependency section */
		139F5CF0BC1000AB673138A5 /* PBXTargetDependency */ = {
			isa = PBXTargetDependency;
			target = 686A49393495C08FC7065662 /* Pruva */;
			targetProxy = 1237603D7C9B505F34A9A283 /* PBXContainerItemProxy */;
		};
		D70045264349A6E8A38E6E34 /* PBXTargetDependency */ = {
			isa = PBXTargetDependency;
			target = 686A49393495C08FC7065662 /* Pruva */;
			targetProxy = 66341EDF0A047861B0134FD7 /* PBXContainerItemProxy */;
		};
/* End PBXTargetDependency section */

/* Begin XCBuildConfiguration section */
		06EBE2E8D6BB5FA9915B074D /* Debug */ = {
			isa = XCBuildConfiguration;
			buildSettings = {
				ALWAYS_SEARCH_USER_PATHS = NO;
				CLANG_ANALYZER_NONNULL = YES;
				CLANG_ANALYZER_NUMBER_OBJECT_CONVERSION = YES_AGGRESSIVE;
				CLANG_CXX_LANGUAGE_STANDARD = "gnu++14";
				CLANG_CXX_LIBRARY = "libc++";
				CLANG_ENABLE_MODULES = YES;
				CLANG_ENABLE_OBJC_ARC = YES;
				CLANG_ENABLE_OBJC_WEAK = YES;
				CLANG_WARN_BLOCK_CAPTURE_AUTORELEASING = YES;
				CLANG_WARN_BOOL_CONVERSION = YES;
				CLANG_WARN_COMMA = YES;
				CLANG_WARN_CONSTANT_CONVERSION = YES;
				CLANG_WARN_DEPRECATED_OBJC_IMPLEMENTATIONS = YES;
				CLANG_WARN_DIRECT_OBJC_ISA_USAGE = YES_ERROR;
				CLANG_WARN_DOCUMENTATION_COMMENTS = YES;
				CLANG_WARN_EMPTY_BODY = YES;
				CLANG_WARN_ENUM_CONVERSION = YES;
				CLANG_WARN_INFINITE_RECURSION = YES;
				CLANG_WARN_INT_CONVERSION = YES;
				CLANG_WARN_NON_LITERAL_NULL_CONVERSION = YES;
				CLANG_WARN_OBJC_IMPLICIT_RETAIN_SELF = YES;
				CLANG_WARN_OBJC_LITERAL_CONVERSION = YES;
				CLANG_WARN_OBJC_ROOT_CLASS = YES_ERROR;
				CLANG_WARN_QUOTED_INCLUDE_IN_FRAMEWORK_HEADER = YES;
				CLANG_WARN_RANGE_LOOP_ANALYSIS = YES;
				CLANG_WARN_STRICT_PROTOTYPES = YES;
				CLANG_WARN_SUSPICIOUS_MOVE = YES;
				CLANG_WARN_UNGUARDED_AVAILABILITY = YES_AGGRESSIVE;
				CLANG_WARN_UNREACHABLE_CODE = YES;
				CLANG_WARN__DUPLICATE_METHOD_MATCH = YES;
				COPY_PHASE_STRIP = NO;
				CURRENT_PROJECT_VERSION = 1;
				DEBUG_INFORMATION_FORMAT = dwarf;
				ENABLE_STRICT_OBJC_MSGSEND = YES;
				ENABLE_TESTABILITY = YES;
				GCC_C_LANGUAGE_STANDARD = gnu11;
				GCC_DYNAMIC_NO_PIC = NO;
				GCC_NO_COMMON_BLOCKS = YES;
				GCC_OPTIMIZATION_LEVEL = 0;
				GCC_PREPROCESSOR_DEFINITIONS = (
					"$(inherited)",
					"DEBUG=1",
				);
				GCC_WARN_64_TO_32_BIT_CONVERSION = YES;
				GCC_WARN_ABOUT_RETURN_TYPE = YES_ERROR;
				GCC_WARN_UNDECLARED_SELECTOR = YES;
				GCC_WARN_UNINITIALIZED_AUTOS = YES_AGGRESSIVE;
				GCC_WARN_UNUSED_FUNCTION = YES;
				GCC_WARN_UNUSED_VARIABLE = YES;
				IPHONEOS_DEPLOYMENT_TARGET = 17.0;
				MARKETING_VERSION = 1.0.0;
				MTL_ENABLE_DEBUG_INFO = INCLUDE_SOURCE;
				MTL_FAST_MATH = YES;
				ONLY_ACTIVE_ARCH = YES;
				PRODUCT_NAME = "$(TARGET_NAME)";
				SDKROOT = iphoneos;
				SWIFT_ACTIVE_COMPILATION_CONDITIONS = DEBUG;
				SWIFT_OPTIMIZATION_LEVEL = "-Onone";
				SWIFT_VERSION = 5.0;
				TARGETED_DEVICE_FAMILY = "1,2";
			};
			name = Debug;
		};
		289C6ED56647205CB029A01F /* Debug */ = {
			isa = XCBuildConfiguration;
			buildSettings = {
				BUNDLE_LOADER = "$(TEST_HOST)";
				GENERATE_INFOPLIST_FILE = YES;
				LD_RUNPATH_SEARCH_PATHS = (
					"$(inherited)",
					"@executable_path/Frameworks",
					"@loader_path/Frameworks",
				);
				PRODUCT_BUNDLE_IDENTIFIER = com.pruva.PruvaUITests;
				SDKROOT = iphoneos;
				TARGETED_DEVICE_FAMILY = "1,2";
				TEST_TARGET_NAME = Pruva;
			};
			name = Debug;
		};
		35EDB0480DD042B83DE57409 /* Debug */ = {
			isa = XCBuildConfiguration;
			buildSettings = {
				ASSETCATALOG_COMPILER_APPICON_NAME = AppIcon;
				CODE_SIGN_IDENTITY = "iPhone Developer";
				GENERATE_INFOPLIST_FILE = YES;
				INFOPLIST_KEY_CFBundleDisplayName = Pruva;
				INFOPLIST_KEY_ITSAppUsesNonExemptEncryption = NO;
				INFOPLIST_KEY_NSLocalNetworkUsageDescription = "Pruva teknenizin Wi-Fi ağındaki NMEA cihazından GPS konumu, hız ve rüzgâr ölçümlerini almak için yerel ağa bağlanır.";
				INFOPLIST_KEY_UIApplicationSceneManifest_Generation = YES;
				INFOPLIST_KEY_UILaunchScreen_Generation = YES;
				INFOPLIST_KEY_UISupportedInterfaceOrientations_iPad = "UIInterfaceOrientationPortrait UIInterfaceOrientationPortraitUpsideDown UIInterfaceOrientationLandscapeLeft UIInterfaceOrientationLandscapeRight";
				INFOPLIST_KEY_UISupportedInterfaceOrientations_iPhone = "UIInterfaceOrientationPortrait UIInterfaceOrientationLandscapeLeft UIInterfaceOrientationLandscapeRight";
				LD_RUNPATH_SEARCH_PATHS = (
					"$(inherited)",
					"@executable_path/Frameworks",
				);
				PRODUCT_BUNDLE_IDENTIFIER = com.pruva.sailing;
				SDKROOT = iphoneos;
				TARGETED_DEVICE_FAMILY = "1,2";
			};
			name = Debug;
		};
		4D52555ECBB5EA6019EC5B71 /* Release */ = {
			isa = XCBuildConfiguration;
			buildSettings = {
				BUNDLE_LOADER = "$(TEST_HOST)";
				GENERATE_INFOPLIST_FILE = YES;
				LD_RUNPATH_SEARCH_PATHS = (
					"$(inherited)",
					"@executable_path/Frameworks",
					"@loader_path/Frameworks",
				);
				PRODUCT_BUNDLE_IDENTIFIER = com.pruva.PruvaUITests;
				SDKROOT = iphoneos;
				TARGETED_DEVICE_FAMILY = "1,2";
				TEST_TARGET_NAME = Pruva;
			};
			name = Release;
		};
		527A3C52543B3F37883A8238 /* Debug */ = {
			isa = XCBuildConfiguration;
			buildSettings = {
				BUNDLE_LOADER = "$(TEST_HOST)";
				GENERATE_INFOPLIST_FILE = YES;
				LD_RUNPATH_SEARCH_PATHS = (
					"$(inherited)",
					"@executable_path/Frameworks",
					"@loader_path/Frameworks",
				);
				PRODUCT_BUNDLE_IDENTIFIER = com.pruva.PruvaTests;
				SDKROOT = iphoneos;
				TARGETED_DEVICE_FAMILY = "1,2";
				TEST_HOST = "$(BUILT_PRODUCTS_DIR)/Pruva.app/Pruva";
			};
			name = Debug;
		};
		AFC90FD941754A21A07DB0E3 /* Release */ = {
			isa = XCBuildConfiguration;
			buildSettings = {
				BUNDLE_LOADER = "$(TEST_HOST)";
				GENERATE_INFOPLIST_FILE = YES;
				LD_RUNPATH_SEARCH_PATHS = (
					"$(inherited)",
					"@executable_path/Frameworks",
					"@loader_path/Frameworks",
				);
				PRODUCT_BUNDLE_IDENTIFIER = com.pruva.PruvaTests;
				SDKROOT = iphoneos;
				TARGETED_DEVICE_FAMILY = "1,2";
				TEST_HOST = "$(BUILT_PRODUCTS_DIR)/Pruva.app/Pruva";
			};
			name = Release;
		};
		D82CC0D969F06092303A43B7 /* Release */ = {
			isa = XCBuildConfiguration;
			buildSettings = {
				ALWAYS_SEARCH_USER_PATHS = NO;
				CLANG_ANALYZER_NONNULL = YES;
				CLANG_ANALYZER_NUMBER_OBJECT_CONVERSION = YES_AGGRESSIVE;
				CLANG_CXX_LANGUAGE_STANDARD = "gnu++14";
				CLANG_CXX_LIBRARY = "libc++";
				CLANG_ENABLE_MODULES = YES;
				CLANG_ENABLE_OBJC_ARC = YES;
				CLANG_ENABLE_OBJC_WEAK = YES;
				CLANG_WARN_BLOCK_CAPTURE_AUTORELEASING = YES;
				CLANG_WARN_BOOL_CONVERSION = YES;
				CLANG_WARN_COMMA = YES;
				CLANG_WARN_CONSTANT_CONVERSION = YES;
				CLANG_WARN_DEPRECATED_OBJC_IMPLEMENTATIONS = YES;
				CLANG_WARN_DIRECT_OBJC_ISA_USAGE = YES_ERROR;
				CLANG_WARN_DOCUMENTATION_COMMENTS = YES;
				CLANG_WARN_EMPTY_BODY = YES;
				CLANG_WARN_ENUM_CONVERSION = YES;
				CLANG_WARN_INFINITE_RECURSION = YES;
				CLANG_WARN_INT_CONVERSION = YES;
				CLANG_WARN_NON_LITERAL_NULL_CONVERSION = YES;
				CLANG_WARN_OBJC_IMPLICIT_RETAIN_SELF = YES;
				CLANG_WARN_OBJC_LITERAL_CONVERSION = YES;
				CLANG_WARN_OBJC_ROOT_CLASS = YES_ERROR;
				CLANG_WARN_QUOTED_INCLUDE_IN_FRAMEWORK_HEADER = YES;
				CLANG_WARN_RANGE_LOOP_ANALYSIS = YES;
				CLANG_WARN_STRICT_PROTOTYPES = YES;
				CLANG_WARN_SUSPICIOUS_MOVE = YES;
				CLANG_WARN_UNGUARDED_AVAILABILITY = YES_AGGRESSIVE;
				CLANG_WARN_UNREACHABLE_CODE = YES;
				CLANG_WARN__DUPLICATE_METHOD_MATCH = YES;
				COPY_PHASE_STRIP = NO;
				CURRENT_PROJECT_VERSION = 1;
				DEBUG_INFORMATION_FORMAT = "dwarf-with-dsym";
				ENABLE_NS_ASSERTIONS = NO;
				ENABLE_STRICT_OBJC_MSGSEND = YES;
				GCC_C_LANGUAGE_STANDARD = gnu11;
				GCC_NO_COMMON_BLOCKS = YES;
				GCC_WARN_64_TO_32_BIT_CONVERSION = YES;
				GCC_WARN_ABOUT_RETURN_TYPE = YES_ERROR;
				GCC_WARN_UNDECLARED_SELECTOR = YES;
				GCC_WARN_UNINITIALIZED_AUTOS = YES_AGGRESSIVE;
				GCC_WARN_UNUSED_FUNCTION = YES;
				GCC_WARN_UNUSED_VARIABLE = YES;
				IPHONEOS_DEPLOYMENT_TARGET = 17.0;
				MARKETING_VERSION = 1.0.0;
				MTL_ENABLE_DEBUG_INFO = NO;
				MTL_FAST_MATH = YES;
				PRODUCT_NAME = "$(TARGET_NAME)";
				SDKROOT = iphoneos;
				SWIFT_COMPILATION_MODE = wholemodule;
				SWIFT_OPTIMIZATION_LEVEL = "-O";
				SWIFT_VERSION = 5.0;
				TARGETED_DEVICE_FAMILY = "1,2";
			};
			name = Release;
		};
		FAE2E343B8EBDCC26FAC9BF1 /* Release */ = {
			isa = XCBuildConfiguration;
			buildSettings = {
				ASSETCATALOG_COMPILER_APPICON_NAME = AppIcon;
				CODE_SIGN_IDENTITY = "iPhone Developer";
				GENERATE_INFOPLIST_FILE = YES;
				INFOPLIST_KEY_CFBundleDisplayName = Pruva;
				INFOPLIST_KEY_ITSAppUsesNonExemptEncryption = NO;
				INFOPLIST_KEY_NSLocalNetworkUsageDescription = "Pruva teknenizin Wi-Fi ağındaki NMEA cihazından GPS konumu, hız ve rüzgâr ölçümlerini almak için yerel ağa bağlanır.";
				INFOPLIST_KEY_UIApplicationSceneManifest_Generation = YES;
				INFOPLIST_KEY_UILaunchScreen_Generation = YES;
				INFOPLIST_KEY_UISupportedInterfaceOrientations_iPad = "UIInterfaceOrientationPortrait UIInterfaceOrientationPortraitUpsideDown UIInterfaceOrientationLandscapeLeft UIInterfaceOrientationLandscapeRight";
				INFOPLIST_KEY_UISupportedInterfaceOrientations_iPhone = "UIInterfaceOrientationPortrait UIInterfaceOrientationLandscapeLeft UIInterfaceOrientationLandscapeRight";
				LD_RUNPATH_SEARCH_PATHS = (
					"$(inherited)",
					"@executable_path/Frameworks",
				);
				PRODUCT_BUNDLE_IDENTIFIER = com.pruva.sailing;
				SDKROOT = iphoneos;
				TARGETED_DEVICE_FAMILY = "1,2";
			};
			name = Release;
		};
/* End XCBuildConfiguration section */

/* Begin XCConfigurationList section */
		05C795F76BAF469F5393A7DA /* Build configuration list for PBXProject "Pruva" */ = {
			isa = XCConfigurationList;
			buildConfigurations = (
				06EBE2E8D6BB5FA9915B074D /* Debug */,
				D82CC0D969F06092303A43B7 /* Release */,
			);
			defaultConfigurationIsVisible = 0;
			defaultConfigurationName = Debug;
		};
		4DD7318569B7D62A73F2A6B9 /* Build configuration list for PBXNativeTarget "PruvaTests" */ = {
			isa = XCConfigurationList;
			buildConfigurations = (
				527A3C52543B3F37883A8238 /* Debug */,
				AFC90FD941754A21A07DB0E3 /* Release */,
			);
			defaultConfigurationIsVisible = 0;
			defaultConfigurationName = Debug;
		};
		80713819753FB1D504545771 /* Build configuration list for PBXNativeTarget "Pruva" */ = {
			isa = XCConfigurationList;
			buildConfigurations = (
				35EDB0480DD042B83DE57409 /* Debug */,
				FAE2E343B8EBDCC26FAC9BF1 /* Release */,
			);
			defaultConfigurationIsVisible = 0;
			defaultConfigurationName = Debug;
		};
		DE4413F7B468509B706CDED0 /* Build configuration list for PBXNativeTarget "PruvaUITests" */ = {
			isa = XCConfigurationList;
			buildConfigurations = (
				289C6ED56647205CB029A01F /* Debug */,
				4D52555ECBB5EA6019EC5B71 /* Release */,
			);
			defaultConfigurationIsVisible = 0;
			defaultConfigurationName = Debug;
		};
/* End XCConfigurationList section */

/* Begin XCLocalSwiftPackageReference section */
		A95A7D5CA89CF6F56AEE132A /* XCLocalSwiftPackageReference "." */ = {
			isa = XCLocalSwiftPackageReference;
			relativePath = .;
		};
/* End XCLocalSwiftPackageReference section */

/* Begin XCSwiftPackageProductDependency section */
		0F2292C8F81E5F3A7142706C /* RaceCore */ = {
			isa = XCSwiftPackageProductDependency;
			productName = RaceCore;
		};
/* End XCSwiftPackageProductDependency section */
	};
	rootObject = 3C6538E55284B59E0C25CAB0 /* Project object */;
}
